
Microsoft Visual Studio Solution File, Format Version 12.00
Project("{FAE04EC0-301F-11D3-BF4B-00C04F79EFBC}") = "RequestProducingService", "RequestProducingService\RequestProducingService.csproj", "{EDF17411-6F9D-4B6D-8C19-D3145890334E}"
EndProject
Project("{FAE04EC0-301F-11D3-BF4B-00C04F79EFBC}") = "HttpListeningService", "HttpListeningService\HttpListeningService.csproj", "{9C1CF21E-32A1-497A-B42C-B178A097DF25}"
EndProject
Global
	GlobalSection(SolutionConfigurationPlatforms) = preSolution
		Debug|Any CPU = Debug|Any CPU
		Release|Any CPU = Release|Any CPU
	EndGlobalSection
	GlobalSection(ProjectConfigurationPlatforms) = postSolution
		{EDF17411-6F9D-4B6D-8C19-D3145890334E}.Debug|Any CPU.ActiveCfg = Debug|Any CPU
		{EDF17411-6F9D-4B6D-8C19-D3145890334E}.Debug|Any CPU.Build.0 = Debug|Any CPU
		{EDF17411-6F9D-4B6D-8C19-D3145890334E}.Release|Any CPU.ActiveCfg = Release|Any CPU
		{EDF17411-6F9D-4B6D-8C19-D3145890334E}.Release|Any CPU.Build.0 = Release|Any CPU
		{9C1CF21E-32A1-497A-B42C-B178A097DF25}.Debug|Any CPU.ActiveCfg = Debug|Any CPU
		{9C1CF21E-32A1-497A-B42C-B178A097DF25}.Debug|Any CPU.Build.0 = Debug|Any CPU
		{9C1CF21E-32A1-497A-B42C-B178A097DF25}.Release|Any CPU.ActiveCfg = Release|Any CPU
		{9C1CF21E-32A1-497A-B42C-B178A097DF25}.Release|Any CPU.Build.0 = Release|Any CPU
	EndGlobalSection
EndGlobal
